// !$*UTF8*$!
{
	archiveVersion = 1;
	classes = {
	};
	objectVersion = 46;
	objects = {

/* Begin PBXBuildFile section */
		D7F2DFE81A96F1BE000B0719 /* main.m in Sources */ = {isa = PBXBuildFile; fileRef = D7F2DFE71A96F1BE000B0719 /* main.m */; };
		D7F2DFEB1A96F1BE000B0719 /* AppDelegate.m in Sources */ = {isa = PBXBuildFile; fileRef = D7F2DFEA1A96F1BE000B0719 /* AppDelegate.m */; };
		D7F2DFEE1A96F1BE000B0719 /* ViewController.m in Sources */ = {isa = PBXBuildFile; fileRef = D7F2DFED1A96F1BE000B0719 /* ViewController.m */; };
		D7F2DFF11A96F1BE000B0719 /* Main.storyboard in Resources */ = {isa = PBXBuildFile; fileRef = D7F2DFEF1A96F1BE000B0719 /* Main.storyboard */; };
		D7F2DFF31A96F1BE000B0719 /* Images.xcassets in Resources */ = {isa = PBXBuildFile; fileRef = D7F2DFF21A96F1BE000B0719 /* Images.xcassets */; };
		D7F2DFF61A96F1BE000B0719 /* LaunchScreen.xib in Resources */ = {isa = PBXBuildFile; fileRef = D7F2DFF41A96F1BE000B0719 /* LaunchScreen.xib */; };
		D7F2E0021A96F1BE000B0719 /* SelfSizingTableViewTests.m in Sources */ = {isa = PBXBuildFile; fileRef = D7F2E0011A96F1BE000B0719 /* SelfSizingTableViewTests.m */; };
		D7F2E0101A98550E000B0719 /* BasicTableViewController.m in Sources */ = {isa = PBXBuildFile; fileRef = D7F2E00F1A98550E000B0719 /* BasicTableViewController.m */; };
/* End PBXBuildFile section */

/* Begin PBXContainerItemProxy section */
		D7F2DFFC1A96F1BE000B0719 /* PBXContainerItemProxy */ = {
			isa = PBXContainerItemProxy;
			containerPortal = D7F2DFDA1A96F1BE000B0719 /* Project object */;
			proxyType = 1;
			remoteGlobalIDString = D7F2DFE11A96F1BE000B0719;
			remoteInfo = SelfSizingTableView;
		};
/* End PBXContainerItemProxy section */

/* Begin PBXFileReference section */
		D7F2DFE21A96F1BE000B0719 /* SelfSizingTableView.app */ = {isa = PBXFileReference; explicitFileType = wrapper.application; includeInIndex = 0; path = SelfSizingTableView.app; sourceTree = BUILT_PRODUCTS_DIR; };
		D7F2DFE61A96F1BE000B0719 /* Info.plist */ = {isa = PBXFileReference; lastKnownFileType = text.plist.xml; path = Info.plist; sourceTree = "<group>"; };
		D7F2DFE71A96F1BE000B0719 /* main.m */ = {isa = PBXFileReference; lastKnownFileType = sourcecode.c.objc; path = main.m; sourceTree = "<group>"; };
		D7F2DFE91A96F1BE000B0719 /* AppDelegate.h */ = {isa = PBXFileReference; lastKnownFileType = sourcecode.c.h; path = AppDelegate.h; sourceTree = "<group>"; };
		D7F2DFEA1A96F1BE000B0719 /* AppDelegate.m */ = {isa = PBXFileReference; lastKnownFileType = sourcecode.c.objc; path = AppDelegate.m; sourceTree = "<group>"; };
		D7F2DFEC1A96F1BE000B0719 /* ViewController.h */ = {isa = PBXFileReference; lastKnownFileType = sourcecode.c.h; path = ViewController.h; sourceTree = "<group>"; };
		D7F2DFED1A96F1BE000B0719 /* ViewController.m */ = {isa = PBXFileReference; lastKnownFileType = sourcecode.c.objc; path = ViewController.m; sourceTree = "<group>"; };
		D7F2DFF01A96F1BE000B0719 /* Base */ = {isa = PBXFileReference; lastKnownFileType = file.storyboard; name = Base; path = Base.lproj/Main.storyboard; sourceTree = "<group>"; };
		D7F2DFF21A96F1BE000B0719 /* Images.xcassets */ = {isa = PBXFileReference; lastKnownFileType = folder.assetcatalog; path = Images.xcassets; sourceTree = "<group>"; };
		D7F2DFF51A96F1BE000B0719 /* Base */ = {isa = PBXFileReference; lastKnownFileType = file.xib; name = Base; path = Base.lproj/LaunchScreen.xib; sourceTree = "<group>"; };
		D7F2DFFB1A96F1BE000B0719 /* SelfSizingTableViewTests.xctest */ = {isa = PBXFileReference; explicitFileType = wrapper.cfbundle; includeInIndex = 0; path = SelfSizingTableViewTests.xctest; sourceTree = BUILT_PRODUCTS_DIR; };
		D7F2E0001A96F1BE000B0719 /* Info.plist */ = {isa = PBXFileReference; lastKnownFileType = text.plist.xml; path = Info.plist; sourceTree = "<group>"; };
		D7F2E0011A96F1BE000B0719 /* SelfSizingTableViewTests.m */ = {isa = PBXFileReference; lastKnownFileType = sourcecode.c.objc; path = SelfSizingTableViewTests.m; sourceTree = "<group>"; };
		D7F2E00E1A98550E000B0719 /* BasicTableViewController.h */ = {isa = PBXFileReference; fileEncoding = 4; lastKnownFileType = sourcecode.c.h; path = BasicTableViewController.h; sourceTree = "<group>"; };
		D7F2E00F1A98550E000B0719 /* BasicTableViewController.m */ = {isa = PBXFileReference; fileEncoding = 4; lastKnownFileType = sourcecode.c.objc; path = BasicTableViewController.m; sourceTree = "<group>"; };
/* End PBXFileReference section */

/* Begin PBXFrameworksBuildPhase section */
		D7F2DFDF1A96F1BE000B0719 /* Frameworks */ = {
			isa = PBXFrameworksBuildPhase;
			buildActionMask = 2147483647;
			files = (
			);
			runOnlyForDeploymentPostprocessing = 0;
		};
		D7F2DFF81A96F1BE000B0719 /* Frameworks */ = {
			isa = PBXFrameworksBuildPhase;
			buildActionMask = 2147483647;
			files = (
			);
			runOnlyForDeploymentPostprocessing = 0;
		};
/* End PBXFrameworksBuildPhase section */

/* Begin PBXGroup section */
		D7F2DFD91A96F1BE000B0719 = {
			isa = PBXGroup;
			children = (
				D7F2DFE41A96F1BE000B0719 /* SelfSizingTableView */,
				D7F2DFFE1A96F1BE000B0719 /* SelfSizingTableViewTests */,
				D7F2DFE31A96F1BE000B0719 /* Products */,
			);
			sourceTree = "<group>";
		};
		D7F2DFE31A96F1BE000B0719 /* Products */ = {
			isa = PBXGroup;
			children = (
				D7F2DFE21A96F1BE000B0719 /* SelfSizingTableView.app */,
				D7F2DFFB1A96F1BE000B0719 /* SelfSizingTableViewTests.xctest */,
			);
			name = Products;
			sourceTree = "<group>";
		};
		D7F2DFE41A96F1BE000B0719 /* SelfSizingTableView */ = {
			isa = PBXGroup;
			children = (
				D7F2DFE91A96F1BE000B0719 /* AppDelegate.h */,
				D7F2DFEA1A96F1BE000B0719 /* AppDelegate.m */,
				D7F2E00E1A98550E000B0719 /* BasicTableViewController.h */,
				D7F2E00F1A98550E000B0719 /* BasicTableViewController.m */,
				D7F2DFEC1A96F1BE000B0719 /* ViewController.h */,
				D7F2DFED1A96F1BE000B0719 /* ViewController.m */,
				D7F2DFF21A96F1BE000B0719 /* Images.xcassets */,
				D7F2DFF41A96F1BE000B0719 /* LaunchScreen.xib */,
				D7F2DFEF1A96F1BE000B0719 /* Main.storyboard */,
				D7F2DFE51A96F1BE000B0719 /* Supporting Files */,
			);
			path = SelfSizingTableView;
			sourceTree = "<group>";
		};
		D7F2DFE51A96F1BE000B0719 /* Supporting Files */ = {
			isa = PBXGroup;
			children = (
				D7F2DFE61A96F1BE000B0719 /* Info.plist */,
				D7F2DFE71A96F1BE000B0719 /* main.m */,
			);
			name = "Supporting Files";
			sourceTree = "<group>";
		};
		D7F2DFFE1A96F1BE000B0719 /* SelfSizingTableViewTests */ = {
			isa = PBXGroup;
			children = (
				D7F2E0011A96F1BE000B0719 /* SelfSizingTableViewTests.m */,
				D7F2DFFF1A96F1BE000B0719 /* Supporting Files */,
			);
			path = SelfSizingTableViewTests;
			sourceTree = "<group>";
		};
		D7F2DFFF1A96F1BE000B0719 /* Supporting Files */ = {
			isa = PBXGroup;
			children = (
				D7F2E0001A96F1BE000B0719 /* Info.plist */,
			);
			name = "Supporting Files";
			sourceTree = "<group>";
		};
/* End PBXGroup section */

/* Begin PBXNativeTarget section */
		D7F2DFE11A96F1BE000B0719 /* SelfSizingTableView */ = {
			isa = PBXNativeTarget;
			buildConfigurationList = D7F2E0051A96F1BE000B0719 /* Build configuration list for PBXNativeTarget "SelfSizingTableView" */;
			buildPhases = (
				D7F2DFDE1A96F1BE000B0719 /* Sources */,
				D7F2DFDF1A96F1BE000B0719 /* Frameworks */,
				D7F2DFE01A96F1BE000B0719 /* Resources */,
			);
			buildRules = (
			);
			dependencies = (
			);
			name = SelfSizingTableView;
			productName = SelfSizingTableView;
			productReference = D7F2DFE21A96F1BE000B0719 /* SelfSizingTableView.app */;
			productType = "com.apple.product-type.application";
		};
		D7F2DFFA1A96F1BE000B0719 /* SelfSizingTableViewTests */ = {
			isa = PBXNativeTarget;
			buildConfigurationList = D7F2E0081A96F1BE000B0719 /* Build configuration list for PBXNativeTarget "SelfSizingTableViewTests" */;
			buildPhases = (
				D7F2DFF71A96F1BE000B0719 /* Sources */,
				D7F2DFF81A96F1BE000B0719 /* Frameworks */,
				D7F2DFF91A96F1BE000B0719 /* Resources */,
			);
			buildRules = (
			);
			dependencies = (
				D7F2DFFD1A96F1BE000B0719 /* PBXTargetDependency */,
			);
			name = SelfSizingTableViewTests;
			productName = SelfSizingTableViewTests;
			productReference = D7F2DFFB1A96F1BE000B0719 /* SelfSizingTableViewTests.xctest */;
			productType = "com.apple.product-type.bundle.unit-test";
		};
/* End PBXNativeTarget section */

/* Begin PBXProject section */
		D7F2DFDA1A96F1BE000B0719 /* Project object */ = {
			isa = PBXProject;
			attributes = {
				LastUpgradeCheck = 0610;
				TargetAttributes = {
					D7F2DFE11A96F1BE000B0719 = {
						CreatedOnToolsVersion = 6.1.1;
					};
					D7F2DFFA1A96F1BE000B0719 = {
						CreatedOnToolsVersion = 6.1.1;
						TestTargetID = D7F2DFE11A96F1BE000B0719;
					};
				};
			};
			buildConfigurationList = D7F2DFDD1A96F1BE000B0719 /* Build configuration list for PBXProject "SelfSizingTableView" */;
			compatibilityVersion = "Xcode 3.2";
			developmentRegion = English;
			hasScannedForEncodings = 0;
			knownRegions = (
				en,
				Base,
			);
			mainGroup = D7F2DFD91A96F1BE000B0719;
			productRefGroup = D7F2DFE31A96F1BE000B0719 /* Products */;
			projectDirPath = "";
			projectRoot = "";
			targets = (
				D7F2DFE11A96F1BE000B0719 /* SelfSizingTableView */,
				D7F2DFFA1A96F1BE000B0719 /* SelfSizingTableViewTests */,
			);
		};
/* End PBXProject section */

/* Begin PBXResourcesBuildPhase section */
		D7F2DFE01A96F1BE000B0719 /* Resources */ = {
			isa = PBXResourcesBuildPhase;
			buildActionMask = 2147483647;
			files = (
				D7F2DFF31A96F1BE000B0719 /* Images.xcassets in Resources */,
				D7F2DFF61A96F1BE000B0719 /* LaunchScreen.xib in Resources */,
				D7F2DFF11A96F1BE000B0719 /* Main.storyboard in Resources */,
			);
			runOnlyForDeploymentPostprocessing = 0;
		};
		D7F2DFF91A96F1BE000B0719 /* Resources */ = {
			isa = PBXResourcesBuildPhase;
			buildActionMask = 2147483647;
			files = (
			);
			runOnlyForDeploymentPostprocessing = 0;
		};
/* End PBXResourcesBuildPhase section */

/* Begin PBXSourcesBuildPhase section */
		D7F2DFDE1A96F1BE000B0719 /* Sources */ = {
			isa = PBXSourcesBuildPhase;
			buildActionMask = 2147483647;
			files = (
				D7F2DFEB1A96F1BE000B0719 /* AppDelegate.m in Sources */,
				D7F2E0101A98550E000B0719 /* BasicTableViewController.m in Sources */,
				D7F2DFE81A96F1BE000B0719 /* main.m in Sources */,
				D7F2DFEE1A96F1BE000B0719 /* ViewController.m in Sources */,
			);
			runOnlyForDeploymentPostprocessing = 0;
		};
		D7F2DFF71A96F1BE000B0719 /* Sources */ = {
			isa = PBXSourcesBuildPhase;
			buildActionMask = 2147483647;
			files = (
				D7F2E0021A96F1BE000B0719 /* SelfSizingTableViewTests.m in Sources */,
			);
			runOnlyForDeploymentPostprocessing = 0;
		};
/* End PBXSourcesBuildPhase section */

/* Begin PBXTargetDependency section */
		D7F2DFFD1A96F1BE000B0719 /* PBXTargetDependency */ = {
			isa = PBXTargetDependency;
			target = D7F2DFE11A96F1BE000B0719 /* SelfSizingTableView */;
			targetProxy = D7F2DFFC1A96F1BE000B0719 /* PBXContainerItemProxy */;
		};
/* End PBXTargetDependency section */

/* Begin PBXVariantGroup section */
		D7F2DFEF1A96F1BE000B0719 /* Main.storyboard */ = {
			isa = PBXVariantGroup;
			children = (
				D7F2DFF01A96F1BE000B0719 /* Base */,
			);
			name = Main.storyboard;
			sourceTree = "<group>";
		};
		D7F2DFF41A96F1BE000B0719 /* LaunchScreen.xib */ = {
			isa = PBXVariantGroup;
			children = (
				D7F2DFF51A96F1BE000B0719 /* Base */,
			);
			name = LaunchScreen.xib;
			sourceTree = "<group>";
		};
/* End PBXVariantGroup section */

/* Begin XCBuildConfiguration section */
		D7F2E0031A96F1BE000B0719 /* Debug */ = {
			isa = XCBuildConfiguration;
			buildSettings = {
				ALWAYS_SEARCH_USER_PATHS = NO;
				CLANG_CXX_LANGUAGE_STANDARD = "gnu++0x";
				CLANG_CXX_LIBRARY = "libc++";
				CLANG_ENABLE_MODULES = YES;
				CLANG_ENABLE_OBJC_ARC = YES;
				CLANG_WARN_BOOL_CONVERSION = YES;
				CLANG_WARN_CONSTANT_CONVERSION = YES;
				CLANG_WARN_DIRECT_OBJC_ISA_USAGE = YES_ERROR;
				CLANG_WARN_EMPTY_BODY = YES;
				CLANG_WARN_ENUM_CONVERSION = YES;
				CLANG_WARN_INT_CONVERSION = YES;
				CLANG_WARN_OBJC_ROOT_CLASS = YES_ERROR;
				CLANG_WARN_UNREACHABLE_CODE = YES;
				CLANG_WARN__DUPLICATE_METHOD_MATCH = YES;
				"CODE_SIGN_IDENTITY[sdk=iphoneos*]" = "iPhone Developer";
				COPY_PHASE_STRIP = NO;
				ENABLE_STRICT_OBJC_MSGSEND = YES;
				GCC_C_LANGUAGE_STANDARD = gnu99;
				GCC_DYNAMIC_NO_PIC = NO;
				GCC_OPTIMIZATION_LEVEL = 0;
				GCC_PREPROCESSOR_DEFINITIONS = (
					"DEBUG=1",
					"$(inherited)",
				);
				GCC_SYMBOLS_PRIVATE_EXTERN = NO;
				GCC_WARN_64_TO_32_BIT_CONVERSION = YES;
				GCC_WARN_ABOUT_RETURN_TYPE = YES_ERROR;
				GCC_WARN_UNDECLARED_SELECTOR = YES;
				GCC_WARN_UNINITIALIZED_AUTOS = YES_AGGRESSIVE;
				GCC_WARN_UNUSED_FUNCTION = YES;
				GCC_WARN_UNUSED_VARIABLE = YES;
				IPHONEOS_DEPLOYMENT_TARGET = 7.0;
				MTL_ENABLE_DEBUG_INFO = YES;
				ONLY_ACTIVE_ARCH = YES;
				SDKROOT = iphoneos;
			};
			name = Debug;
		};
		D7F2E0041A96F1BE000B0719 /* Release */ = {
			isa = XCBuildConfiguration;
			buildSettings = {
				ALWAYS_SEARCH_USER_PATHS = NO;
				CLANG_CXX_LANGUAGE_STANDARD = "gnu++0x";
				CLANG_CXX_LIBRARY = "libc++";
				CLANG_ENABLE_MODULES = YES;
				CLANG_ENABLE_OBJC_ARC = YES;
				CLANG_WARN_BOOL_CONVERSION = YES;
				CLANG_WARN_CONSTANT_CONVERSION = YES;
				CLANG_WARN_DIRECT_OBJC_ISA_USAGE = YES_ERROR;
				CLANG_WARN_EMPTY_BODY = YES;
				CLANG_WARN_ENUM_CONVERSION = YES;
				CLANG_WARN_INT_CONVERSION = YES;
				CLANG_WARN_OBJC_ROOT_CLASS = YES_ERROR;
				CLANG_WARN_UNREACHABLE_CODE = YES;
				CLANG_WARN__DUPLICATE_METHOD_MATCH = YES;
				"CODE_SIGN_IDENTITY[sdk=iphoneos*]" = "iPhone Developer";
				COPY_PHASE_STRIP = YES;
				ENABLE_NS_ASSERTIONS = NO;
				ENABLE_STRICT_OBJC_MSGSEND = YES;
				GCC_C_LANGUAGE_STANDARD = gnu99;
				GCC_WARN_64_TO_32_BIT_CONVERSION = YES;
				GCC_WARN_ABOUT_RETURN_TYPE = YES_ERROR;
				GCC_WARN_UNDECLARED_SELECTOR = YES;
				GCC_WARN_UNINITIALIZED_AUTOS = YES_AGGRESSIVE;
				GCC_WARN_UNUSED_FUNCTION = YES;
				GCC_WARN_UNUSED_VARIABLE = YES;
				IPHONEOS_DEPLOYMENT_TARGET = 7.0;
				MTL_ENABLE_DEBUG_INFO = NO;
				SDKROOT = iphoneos;
				VALIDATE_PRODUCT = YES;
			};
			name = Release;
		};
		D7F2E0061A96F1BE000B0719 /* Debug */ = {
			isa = XCBuildConfiguration;
			buildSettings = {
				ASSETCATALOG_COMPILER_APPICON_NAME = AppIcon;
				ASSETCATALOG_COMPILER_LAUNCHIMAGE_NAME = LaunchImage;
				INFOPLIST_FILE = SelfSizingTableView/Info.plist;
				LD_RUNPATH_SEARCH_PATHS = "$(inherited) @executable_path/Frameworks";
				PRODUCT_NAME = "$(TARGET_NAME)";
			};
			name = Debug;
		};
		D7F2E0071A96F1BE000B0719 /* Release */ = {
			isa = XCBuildConfiguration;
			buildSettings = {
				ASSETCATALOG_COMPILER_APPICON_NAME = AppIcon;
				ASSETCATALOG_COMPILER_LAUNCHIMAGE_NAME = LaunchImage;
				INFOPLIST_FILE = SelfSizingTableView/Info.plist;
				LD_RUNPATH_SEARCH_PATHS = "$(inherited) @executable_path/Frameworks";
				PRODUCT_NAME = "$(TARGET_NAME)";
			};
			name = Release;
		};
		D7F2E0091A96F1BE000B0719 /* Debug */ = {
			isa = XCBuildConfiguration;
			buildSettings = {
				BUNDLE_LOADER = "$(TEST_HOST)";
				FRAMEWORK_SEARCH_PATHS = (
					"$(SDKROOT)/Developer/Library/Frameworks",
					"$(inherited)",
				);
				GCC_PREPROCESSOR_DEFINITIONS = (
					"DEBUG=1",
					"$(inherited)",
				);
				INFOPLIST_FILE = SelfSizingTableViewTests/Info.plist;
				LD_RUNPATH_SEARCH_PATHS = "$(inherited) @executable_path/Frameworks @loader_path/Frameworks";
				PRODUCT_NAME = "$(TARGET_NAME)";
				TEST_HOST = "$(BUILT_PRODUCTS_DIR)/SelfSizingTableView.app/SelfSizingTableView";
			};
			name = Debug;
		};
		D7F2E00A1A96F1BE000B0719 /* Release */ = {
			isa = XCBuildConfiguration;
			buildSettings = {
				BUNDLE_LOADER = "$(TEST_HOST)";
				FRAMEWORK_SEARCH_PATHS = (
					"$(SDKROOT)/Developer/Library/Frameworks",
					"$(inherited)",
				);
				INFOPLIST_FILE = SelfSizingTableViewTests/Info.plist;
				LD_RUNPATH_SEARCH_PATHS = "$(inherited) @executable_path/Frameworks @loader_path/Frameworks";
				PRODUCT_NAME = "$(TARGET_NAME)";
				TEST_HOST = "$(BUILT_PRODUCTS_DIR)/SelfSizingTableView.app/SelfSizingTableView";
			};
			name = Release;
		};
/* End XCBuildConfiguration section */

/* Begin XCConfigurationList section */
		D7F2DFDD1A96F1BE000B0719 /* Build configuration list for PBXProject "SelfSizingTableView" */ = {
			isa = XCConfigurationList;
			buildConfigurations = (
				D7F2E0031A96F1BE000B0719 /* Debug */,
				D7F2E0041A96F1BE000B0719 /* Release */,
			);
			defaultConfigurationIsVisible = 0;
			defaultConfigurationName = Release;
		};
		D7F2E0051A96F1BE000B0719 /* Build configuration list for PBXNativeTarget "SelfSizingTableView" */ = {
			isa = XCConfigurationList;
			buildConfigurations = (
				D7F2E0061A96F1BE000B0719 /* Debug */,
				D7F2E0071A96F1BE000B0719 /* Release */,
			);
			defaultConfigurationIsVisible = 0;
			defaultConfigurationName = Release;
		};
		D7F2E0081A96F1BE000B0719 /* Build configuration list for PBXNativeTarget "SelfSizingTableViewTests" */ = {
			isa = XCConfigurationList;
			buildConfigurations = (
				D7F2E0091A96F1BE000B0719 /* Debug */,
				D7F2E00A1A96F1BE000B0719 /* Release */,
			);
			defaultConfigurationIsVisible = 0;
			defaultConfigurationName = Release;
		};
/* End XCConfigurationList section */
	};
	rootObject = D7F2DFDA1A96F1BE000B0719 /* Project object */;
}
